{
  "nodes": {
    "devenv": {
      "inputs": {
        "flake-compat": "flake-compat",
        "nix": "nix",
        "nixpkgs": "nixpkgs",
        "pre-commit-hooks": "pre-commit-hooks"
      },
      "locked": {
        "lastModified": 1677842825,
        "narHash": "sha256-+9Vb3qe0fbWx3JfSB7hCx5jS27fUXhVJRATMKU7/vSs=",
        "owner": "cachix",
        "repo": "devenv",
        "rev": "4d4ceb1563a354dc8eed5a1b5ced389ca9e5e111",
        "type": "github"
      },
      "original": {
        "owner": "cachix",
        "ref": "main",
        "repo": "devenv",
        "type": "github"
      }
    },
    "fenix": {
      "inputs": {
        "nixpkgs": "nixpkgs_2",
        "rust-analyzer-src": "rust-analyzer-src"
      },
      "locked": {
        "lastModified": 1677824700,
        "narHash": "sha256-AsOim1A8KKtMWIxG+lXh5Q4P2bhOZjoUhFWJ1EuZNNk=",
        "owner": "nix-community",
        "repo": "fenix",
        "rev": "e2ea04982b892263c4d939f1cc3bf60a9c4deaa1",
        "type": "github"
      },
      "original": {
        "owner": "nix-community",
        "ref": "main",
        "repo": "fenix",
        "type": "github"
      }
    },
    "flake-compat": {
      "flake": false,
      "locked": {
        "lastModified": 1673956053,
        "narHash": "sha256-4gtG9iQuiKITOjNQQeQIpoIB6b16fm+504Ch3sNKLd8=",
        "owner": "edolstra",
        "repo": "flake-compat",
        "rev": "35bb57c0c8d8b62bbfd284272c928ceb64ddbde9",
        "type": "github"
      },
      "original": {
        "owner": "edolstra",
        "repo": "flake-compat",
        "type": "github"
      }
    },
    "flake-utils": {
      "locked": {
        "lastModified": 1667395993,
        "narHash": "sha256-nuEHfE/LcWyuSWnS8t12N1wc105Qtau+/OdUAjtQ0rA=",
        "owner": "numtide",
        "repo": "flake-utils",
        "rev": "5aed5285a952e0b949eb3ba02c12fa4fcfef535f",
        "type": "github"
      },
      "original": {
        "owner": "numtide",
        "repo": "flake-utils",
        "type": "github"
      }
    },
    "gitignore": {
      "inputs": {
        "nixpkgs": [
          "devenv",
          "pre-commit-hooks",
          "nixpkgs"
        ]
      },
      "locked": {
        "lastModified": 1660459072,
        "narHash": "sha256-8DFJjXG8zqoONA1vXtgeKXy68KdJL5UaXR8NtVMUbx8=",
        "owner": "hercules-ci",
        "repo": "gitignore.nix",
        "rev": "a20de23b925fd8264fd7fad6454652e142fd7f73",
        "type": "github"
      },
      "original": {
        "owner": "hercules-ci",
        "repo": "gitignore.nix",
        "type": "github"
      }
    },
    "lowdown-src": {
      "flake": false,
      "locked": {
        "lastModified": 1633514407,
        "narHash": "sha256-Dw32tiMjdK9t3ETl5fzGrutQTzh2rufgZV4A/BbxuD4=",
        "owner": "kristapsdz",
        "repo": "lowdown",
        "rev": "d2c2b44ff6c27b936ec27358a2653caaef8f73b8",
        "type": "github"
      },
      "original": {
        "owner": "kristapsdz",
        "repo": "lowdown",
        "type": "github"
      }
    },
    "nix": {
      "inputs": {
        "lowdown-src": "lowdown-src",
        "nixpkgs": [
          "devenv",
          "nixpkgs"
        ],
        "nixpkgs-regression": "nixpkgs-regression"
      },
      "locked": {
        "lastModified": 1676545802,
        "narHash": "sha256-EK4rZ+Hd5hsvXnzSzk2ikhStJnD63odF7SzsQ8CuSPU=",
        "owner": "domenkozar",
        "repo": "nix",
        "rev": "7c91803598ffbcfe4a55c44ac6d49b2cf07a527f",
        "type": "github"
      },
      "original": {
        "owner": "domenkozar",
        "ref": "relaxed-flakes",
        "repo": "nix",
        "type": "github"
      }
    },
    "nixpkgs": {
      "locked": {
        "lastModified": 1677534593,
        "narHash": "sha256-PuZSAHeq4/9pP/uYH1FcagQ3nLm/DrDrvKi/xC9glvw=",
        "owner": "NixOS",
        "repo": "nixpkgs",
        "rev": "3ad64d9e2d5bf80c877286102355b1625891ae9a",
        "type": "github"
      },
      "original": {
        "owner": "NixOS",
        "ref": "nixpkgs-unstable",
        "repo": "nixpkgs",
        "type": "github"
      }
    },
    "nixpkgs-regression": {
      "locked": {
        "lastModified": 1643052045,
        "narHash": "sha256-uGJ0VXIhWKGXxkeNnq4TvV3CIOkUJ3PAoLZ3HMzNVMw=",
        "owner": "NixOS",
        "repo": "nixpkgs",
        "rev": "215d4d0fd80ca5163643b03a33fde804a29cc1e2",
        "type": "github"
      },
      "original": {
        "owner": "NixOS",
        "repo": "nixpkgs",
        "rev": "215d4d0fd80ca5163643b03a33fde804a29cc1e2",
        "type": "github"
      }
    },
    "nixpkgs-stable": {
      "locked": {
        "lastModified": 1673800717,
        "narHash": "sha256-SFHraUqLSu5cC6IxTprex/nTsI81ZQAtDvlBvGDWfnA=",
        "owner": "NixOS",
        "repo": "nixpkgs",
        "rev": "2f9fd351ec37f5d479556cd48be4ca340da59b8f",
        "type": "github"
      },
      "original": {
        "owner": "NixOS",
        "ref": "nixos-22.11",
        "repo": "nixpkgs",
        "type": "github"
      }
    },
    "nixpkgs-unstable": {
      "locked": {
        "lastModified": 1677676435,
        "narHash": "sha256-6FxdcmQr5JeZqsQvfinIMr0XcTyTuR7EXX0H3ANShpQ=",
        "owner": "NixOS",
        "repo": "nixpkgs",
        "rev": "a08d6979dd7c82c4cef0dcc6ac45ab16051c1169",
        "type": "github"
      },
      "original": {
        "owner": "NixOS",
        "ref": "nixos-unstable",
        "repo": "nixpkgs",
        "type": "github"
      }
    },
    "nixpkgs_2": {
      "locked": {
        "lastModified": 1677587185,
        "narHash": "sha256-zYT66MAYwctAQqI5VBw3LbBXiSKdB8vuMAqCGG8onbE=",
        "owner": "nixos",
        "repo": "nixpkgs",
        "rev": "68196a61c26748d3e53a6803de3d2f8c69f27831",
        "type": "github"
      },
      "original": {
        "owner": "nixos",
        "ref": "nixos-unstable",
        "repo": "nixpkgs",
        "type": "github"
      }
    },
    "nixpkgs_3": {
      "locked": {
        "lastModified": 1677779205,
        "narHash": "sha256-6DBjL9wjq86p2GczmwnHtFRnWPBPItc67gapWENBgX8=",
        "owner": "NixOS",
        "repo": "nixpkgs",
        "rev": "96e18717904dfedcd884541e5a92bf9ff632cf39",
        "type": "github"
      },
      "original": {
        "owner": "NixOS",
        "ref": "nixos-22.11",
        "repo": "nixpkgs",
        "type": "github"
      }
    },
    "pre-commit-hooks": {
      "inputs": {
        "flake-compat": [
          "devenv",
          "flake-compat"
        ],
        "flake-utils": "flake-utils",
        "gitignore": "gitignore",
        "nixpkgs": [
          "devenv",
          "nixpkgs"
        ],
        "nixpkgs-stable": "nixpkgs-stable"
      },
      "locked": {
        "lastModified": 1677160285,
        "narHash": "sha256-tBzpCjMP+P3Y3nKLYvdBkXBg3KvTMo3gvi8tLQaqXVY=",
        "owner": "cachix",
        "repo": "pre-commit-hooks.nix",
        "rev": "2bd861ab81469428d9c823ef72c4bb08372dd2c4",
        "type": "github"
      },
      "original": {
        "owner": "cachix",
        "repo": "pre-commit-hooks.nix",
        "type": "github"
      }
    },
    "root": {
      "inputs": {
        "devenv": "devenv",
        "fenix": "fenix",
        "nixpkgs": "nixpkgs_3",
        "nixpkgs-unstable": "nixpkgs-unstable"
      }
    },
    "rust-analyzer-src": {
      "flake": false,
      "locked": {
        "lastModified": 1677758191,
        "narHash": "sha256-CS+c3uWWgaBo6gPMQwy9d4TWKRW0T8n7PJPa2lth+0Q=",
        "owner": "rust-lang",
        "repo": "rust-analyzer",
        "rev": "9b441b9c67531481c7c18cd09b2397c0591ae63f",
        "type": "github"
      },
      "original": {
        "owner": "rust-lang",
        "ref": "nightly",
        "repo": "rust-analyzer",
        "type": "github"
      }
    }
  },
  "root": "root",
  "version": 7
}
